
Microsoft Visual Studio Solution File, Format Version 12.00
# Visual Studio 15
VisualStudioVersion = 15.0.27130.2010
MinimumVisualStudioVersion = 10.0.40219.1
Project("{9A19103F-16F7-4668-BE54-9A1E7A4F7556}") = "MSIFPCore", "MSIFPCore\MSIFPCore.csproj", "{CFF2B276-D62F-46D1-A2B8-36C4C4EDE69A}"
EndProject
Project("{9A19103F-16F7-4668-BE54-9A1E7A4F7556}") = "ChnCharInfo", "ChnCharInfo\ChnCharInfo.csproj", "{2831B943-07BE-4E97-AFE5-76D5F839D8B5}"
EndProject
Project("{9A19103F-16F7-4668-BE54-9A1E7A4F7556}") = "ChineseConverter", "ChineseConverter\ChineseConverter.csproj", "{B69F217A-5CAF-4FC2-AFEB-ACF5E3E28165}"
EndProject
Project("{FAE04EC0-301F-11D3-BF4B-00C04F79EFBC}") = "JpnKanaConversion", "JpnKanaConversion\JpnKanaConversion.csproj", "{234A9ACA-552C-4078-9FC7-B17D4443EACE}"
EndProject
Global
	GlobalSection(SolutionConfigurationPlatforms) = preSolution
		Debug|Any CPU = Debug|Any CPU
		Release|Any CPU = Release|Any CPU
	EndGlobalSection
	GlobalSection(ProjectConfigurationPlatforms) = postSolution
		{CFF2B276-D62F-46D1-A2B8-36C4C4EDE69A}.Debug|Any CPU.ActiveCfg = Debug|Any CPU
		{CFF2B276-D62F-46D1-A2B8-36C4C4EDE69A}.Debug|Any CPU.Build.0 = Debug|Any CPU
		{CFF2B276-D62F-46D1-A2B8-36C4C4EDE69A}.Release|Any CPU.ActiveCfg = Release|Any CPU
		{CFF2B276-D62F-46D1-A2B8-36C4C4EDE69A}.Release|Any CPU.Build.0 = Release|Any CPU
		{2831B943-07BE-4E97-AFE5-76D5F839D8B5}.Debug|Any CPU.ActiveCfg = Debug|Any CPU
		{2831B943-07BE-4E97-AFE5-76D5F839D8B5}.Debug|Any CPU.Build.0 = Debug|Any CPU
		{2831B943-07BE-4E97-AFE5-76D5F839D8B5}.Release|Any CPU.ActiveCfg = Release|Any CPU
		{2831B943-07BE-4E97-AFE5-76D5F839D8B5}.Release|Any CPU.Build.0 = Release|Any CPU
		{B69F217A-5CAF-4FC2-AFEB-ACF5E3E28165}.Debug|Any CPU.ActiveCfg = Debug|Any CPU
		{B69F217A-5CAF-4FC2-AFEB-ACF5E3E28165}.Debug|Any CPU.Build.0 = Debug|Any CPU
		{B69F217A-5CAF-4FC2-AFEB-ACF5E3E28165}.Release|Any CPU.ActiveCfg = Release|Any CPU
		{B69F217A-5CAF-4FC2-AFEB-ACF5E3E28165}.Release|Any CPU.Build.0 = Release|Any CPU
		{234A9ACA-552C-4078-9FC7-B17D4443EACE}.Debug|Any CPU.ActiveCfg = Debug|Any CPU
		{234A9ACA-552C-4078-9FC7-B17D4443EACE}.Debug|Any CPU.Build.0 = Debug|Any CPU
		{234A9ACA-552C-4078-9FC7-B17D4443EACE}.Release|Any CPU.ActiveCfg = Release|Any CPU
		{234A9ACA-552C-4078-9FC7-B17D4443EACE}.Release|Any CPU.Build.0 = Release|Any CPU
	EndGlobalSection
	GlobalSection(SolutionProperties) = preSolution
		HideSolutionNode = FALSE
	EndGlobalSection
	GlobalSection(ExtensibilityGlobals) = postSolution
		SolutionGuid = {795AE525-CE82-4286-AFB4-7F70497960D5}
	EndGlobalSection
EndGlobal
